
Microsoft Visual Studio Solution File, Format Version 12.00
# Visual Studio 15
VisualStudioVersion = 15.0.27703.2000
MinimumVisualStudioVersion = 10.0.40219.1
Project("{FAE04EC0-301F-11D3-BF4B-00C04F79EFBC}") = "TP01", "TP01\TP01.csproj", "{F19A19B8-06F4-47ED-A00E-2273927577AF}"
EndProject
Global
	GlobalSection(SolutionConfigurationPlatforms) = preSolution
		Debug|Any CPU = Debug|Any CPU
		Release|Any CPU = Release|Any CPU
	EndGlobalSection
	GlobalSection(ProjectConfigurationPlatforms) = postSolution
		{F19A19B8-06F4-47ED-A00E-2273927577AF}.Debug|Any CPU.ActiveCfg = Debug|Any CPU
		{F19A19B8-06F4-47ED-A00E-2273927577AF}.Debug|Any CPU.Build.0 = Debug|Any CPU
		{F19A19B8-06F4-47ED-A00E-2273927577AF}.Release|Any CPU.ActiveCfg = Release|Any CPU
		{F19A19B8-06F4-47ED-A00E-2273927577AF}.Release|Any CPU.Build.0 = Release|Any CPU
	EndGlobalSection
	GlobalSection(SolutionProperties) = preSolution
		HideSolutionNode = FALSE
	EndGlobalSection
	GlobalSection(ExtensibilityGlobals) = postSolution
		SolutionGuid = {DE3A250F-B915-4F62-A563-2D650ECE6ED8}
	EndGlobalSection
EndGlobal
