
Microsoft Visual Studio Solution File, Format Version 12.00
# Visual Studio 15
VisualStudioVersion = 15.0.27703.2000
MinimumVisualStudioVersion = 10.0.40219.1
Project("{FAE04EC0-301F-11D3-BF4B-00C04F79EFBC}") = "TP01", "TP01\TP01.csproj", "{92BC6373-06A4-49AA-81BE-B7E91B7939BC}"
EndProject
Global
	GlobalSection(SolutionConfigurationPlatforms) = preSolution
		Debug|Any CPU = Debug|Any CPU
		Release|Any CPU = Release|Any CPU
	EndGlobalSection
	GlobalSection(ProjectConfigurationPlatforms) = postSolution
		{92BC6373-06A4-49AA-81BE-B7E91B7939BC}.Debug|Any CPU.ActiveCfg = Debug|Any CPU
		{92BC6373-06A4-49AA-81BE-B7E91B7939BC}.Debug|Any CPU.Build.0 = Debug|Any CPU
		{92BC6373-06A4-49AA-81BE-B7E91B7939BC}.Release|Any CPU.ActiveCfg = Release|Any CPU
		{92BC6373-06A4-49AA-81BE-B7E91B7939BC}.Release|Any CPU.Build.0 = Release|Any CPU
	EndGlobalSection
	GlobalSection(SolutionProperties) = preSolution
		HideSolutionNode = FALSE
	EndGlobalSection
	GlobalSection(ExtensibilityGlobals) = postSolution
		SolutionGuid = {14C1BBE5-B26B-44AB-90D8-9530BD3628E6}
	EndGlobalSection
EndGlobal
